
Microsoft Visual Studio Solution File, Format Version 12.00
# Visual Studio Version 17
VisualStudioVersion = 17.5.33424.131
MinimumVisualStudioVersion = 10.0.40219.1
Project("{FAE04EC0-301F-11D3-BF4B-00C04F79EFBC}") = "CanvasPractice", "CanvasPractice.csproj", "{041C615F-511E-4097-80E2-080EB0E4E220}"
EndProject
Global
	GlobalSection(SolutionConfigurationPlatforms) = preSolution
		Debug|Any CPU = Debug|Any CPU
		Release|Any CPU = Release|Any CPU
	EndGlobalSection
	GlobalSection(ProjectConfigurationPlatforms) = postSolution
		{041C615F-511E-4097-80E2-080EB0E4E220}.Debug|Any CPU.ActiveCfg = Debug|Any CPU
		{041C615F-511E-4097-80E2-080EB0E4E220}.Debug|Any CPU.Build.0 = Debug|Any CPU
		{041C615F-511E-4097-80E2-080EB0E4E220}.Release|Any CPU.ActiveCfg = Release|Any CPU
		{041C615F-511E-4097-80E2-080EB0E4E220}.Release|Any CPU.Build.0 = Release|Any CPU
	EndGlobalSection
	GlobalSection(SolutionProperties) = preSolution
		HideSolutionNode = FALSE
	EndGlobalSection
	GlobalSection(ExtensibilityGlobals) = postSolution
		SolutionGuid = {A4CBECC3-BE44-4E17-B12A-0FFE41A913DA}
	EndGlobalSection
EndGlobal
